{
    "_readme": [
        "This file locks the dependencies of your project to a known state",
        "Read more about it at https://getcomposer.org/doc/01-basic-usage.md#installing-dependencies",
        "This file is @generated automatically"
    ],
    "content-hash": "31d1730ee941320255fd4e8f8ce2dcd1",
    "packages": [
        {
            "name": "codeguy/upload",
            "version": "dev-master",
            "source": {
                "type": "git",
                "url": "https://github.com/brandonsavage/Upload.git",
                "reference": "b32c8ae4e0e6e050696db9166a7dd57a186ef09a"
            },
            "dist": {
                "type": "zip",
                "url": "https://api.github.com/repos/brandonsavage/Upload/zipball/b32c8ae4e0e6e050696db9166a7dd57a186ef09a",
                "reference": "b32c8ae4e0e6e050696db9166a7dd57a186ef09a",
                "shasum": ""
            },
            "require": {
                "ext-fileinfo": "*",
                "php": ">=5.6.0"
            },
            "require-dev": {
                "phpunit/phpunit": "5.*"
            },
            "type": "library",
            "autoload": {
                "psr-4": {
                    "Upload\\": "src/Upload"
                }
            },
            "notification-url": "https://packagist.org/downloads/",
            "license": [
                "MIT"
            ],
            "authors": [
                {
                    "name": "Josh Lockhart",
                    "email": "info@joshlockhart.com",
                    "homepage": "https://github.com/codeguy/"
                }
            ],
            "description": "Handle file uploads with extensible validation and storage strategies",
            "homepage": "http://github.com/codeguy/Upload",
            "keywords": [
                "file",
                "upload",
                "validation"
            ],
            "time": "2018-10-11T15:36:18+00:00"
        }
    ],
    "packages-dev": [],
    "aliases": [],
    "minimum-stability": "stable",
    "stability-flags": {
        "codeguy/upload": 20
    },
    "prefer-stable": false,
    "prefer-lowest": false,
    "platform": [],
    "platform-dev": [],
    "plugin-api-version": "1.1.0"
}
